
Microsoft Visual Studio Solution File, Format Version 12.00
# Visual Studio Version 17
VisualStudioVersion = 17.0.32126.317
MinimumVisualStudioVersion = 10.0.40219.1
Project("{FAE04EC0-301F-11D3-BF4B-00C04F79EFBC}") = "AdventureWorks2019", "AdventureWorks2019.csproj", "{387D0439-AF63-4DD4-A619-A5C58C7B80DB}"
EndProject
Global
	GlobalSection(SolutionConfigurationPlatforms) = preSolution
		Debug|Any CPU = Debug|Any CPU
		Release|Any CPU = Release|Any CPU
	EndGlobalSection
	GlobalSection(ProjectConfigurationPlatforms) = postSolution
		{387D0439-AF63-4DD4-A619-A5C58C7B80DB}.Debug|Any CPU.ActiveCfg = Debug|Any CPU
		{387D0439-AF63-4DD4-A619-A5C58C7B80DB}.Debug|Any CPU.Build.0 = Debug|Any CPU
		{387D0439-AF63-4DD4-A619-A5C58C7B80DB}.Release|Any CPU.ActiveCfg = Release|Any CPU
		{387D0439-AF63-4DD4-A619-A5C58C7B80DB}.Release|Any CPU.Build.0 = Release|Any CPU
	EndGlobalSection
	GlobalSection(SolutionProperties) = preSolution
		HideSolutionNode = FALSE
	EndGlobalSection
	GlobalSection(ExtensibilityGlobals) = postSolution
		SolutionGuid = {62A7AC62-314D-4A25-B786-13372B3ACE71}
	EndGlobalSection
EndGlobal
